// !$*UTF8*$!
{
	archiveVersion = 1;
	classes = {
	};
	objectVersion = 50;
	objects = {

/* Begin PBXBuildFile section */
		2C0E1CFC222C69380074C3BA /* BorderedButton.swift in Sources */ = {isa = PBXBuildFile; fileRef = 2C0E1CFB222C69380074C3BA /* BorderedButton.swift */; };
		2C0E1CFE222C77DA0074C3BA /* SignInVC.swift in Sources */ = {isa = PBXBuildFile; fileRef = 2C0E1CFD222C77DA0074C3BA /* SignInVC.swift */; };
		2C0E1D00222C77EC0074C3BA /* SignUpVC.swift in Sources */ = {isa = PBXBuildFile; fileRef = 2C0E1CFF222C77EC0074C3BA /* SignUpVC.swift */; };
		2C0E1D02222C78330074C3BA /* UserData.swift in Sources */ = {isa = PBXBuildFile; fileRef = 2C0E1D01222C78330074C3BA /* UserData.swift */; };
		2C1055CF222BFCB6006BA2C9 /* PopupItem.swift in Sources */ = {isa = PBXBuildFile; fileRef = 2C1055CE222BFCB6006BA2C9 /* PopupItem.swift */; };
		2C1055D3222C60B9006BA2C9 /* SignIn.storyboard in Resources */ = {isa = PBXBuildFile; fileRef = 2C1055D2222C60B9006BA2C9 /* SignIn.storyboard */; };
		2C58772E22595AB900F4CCB3 /* KeyboardVC.swift in Sources */ = {isa = PBXBuildFile; fileRef = 2C58772D22595AB900F4CCB3 /* KeyboardVC.swift */; };
		2C587731225A311C00F4CCB3 /* Constants.swift in Sources */ = {isa = PBXBuildFile; fileRef = 2C587730225A311C00F4CCB3 /* Constants.swift */; };
		2C70E4E4222130DA00185448 /* AppDelegate.swift in Sources */ = {isa = PBXBuildFile; fileRef = 2C70E4E3222130DA00185448 /* AppDelegate.swift */; };
		2C70E4E6222130DA00185448 /* RootVC.swift in Sources */ = {isa = PBXBuildFile; fileRef = 2C70E4E5222130DA00185448 /* RootVC.swift */; };
		2C70E4E9222130DA00185448 /* Main.storyboard in Resources */ = {isa = PBXBuildFile; fileRef = 2C70E4E7222130DA00185448 /* Main.storyboard */; };
		2C70E4EB222130DB00185448 /* Assets.xcassets in Resources */ = {isa = PBXBuildFile; fileRef = 2C70E4EA222130DB00185448 /* Assets.xcassets */; };
		2C70E4EE222130DB00185448 /* LaunchScreen.storyboard in Resources */ = {isa = PBXBuildFile; fileRef = 2C70E4EC222130DB00185448 /* LaunchScreen.storyboard */; };
		2CA775E52222E759003AE48C /* SidebarMenuVC.swift in Sources */ = {isa = PBXBuildFile; fileRef = 2CA775E42222E759003AE48C /* SidebarMenuVC.swift */; };
		2CA775E72222EBA5003AE48C /* RevealVC.swift in Sources */ = {isa = PBXBuildFile; fileRef = 2CA775E62222EBA5003AE48C /* RevealVC.swift */; };
		2CA775F722233EAB003AE48C /* PopupVC.swift in Sources */ = {isa = PBXBuildFile; fileRef = 2CA775F622233EAB003AE48C /* PopupVC.swift */; };
		2CA775FC22234E12003AE48C /* Films.storyboard in Resources */ = {isa = PBXBuildFile; fileRef = 2CA775FB22234E12003AE48C /* Films.storyboard */; };
		2CA775FE22235620003AE48C /* FilmsListVC.swift in Sources */ = {isa = PBXBuildFile; fileRef = 2CA775FD22235620003AE48C /* FilmsListVC.swift */; };
		2CA7760022245C67003AE48C /* FilmVC.swift in Sources */ = {isa = PBXBuildFile; fileRef = 2CA775FF22245C67003AE48C /* FilmVC.swift */; };
		2CDCD207223EB9BF0067E111 /* Helpers.swift in Sources */ = {isa = PBXBuildFile; fileRef = 2CDCD206223EB9BF0067E111 /* Helpers.swift */; };
		2CF5FA59225E1549005E8C4A /* CustomPickerView.swift in Sources */ = {isa = PBXBuildFile; fileRef = 2CF5FA58225E1549005E8C4A /* CustomPickerView.swift */; };
		2CF5FA5D225E1E46005E8C4A /* OtherData.swift in Sources */ = {isa = PBXBuildFile; fileRef = 2CF5FA5C225E1E46005E8C4A /* OtherData.swift */; };
		2CF9E478223E56DF00227A57 /* Requests.swift in Sources */ = {isa = PBXBuildFile; fileRef = 2CF9E477223E56DF00227A57 /* Requests.swift */; };
		9B194591F731F2EADFC49F45 /* Pods_cinema.framework in Frameworks */ = {isa = PBXBuildFile; fileRef = 97E076EEF4ECF37076F04094 /* Pods_cinema.framework */; };
/* End PBXBuildFile section */

/* Begin PBXFileReference section */
		2C0E1CFB222C69380074C3BA /* BorderedButton.swift */ = {isa = PBXFileReference; lastKnownFileType = sourcecode.swift; path = BorderedButton.swift; sourceTree = "<group>"; };
		2C0E1CFD222C77DA0074C3BA /* SignInVC.swift */ = {isa = PBXFileReference; lastKnownFileType = sourcecode.swift; path = SignInVC.swift; sourceTree = "<group>"; };
		2C0E1CFF222C77EC0074C3BA /* SignUpVC.swift */ = {isa = PBXFileReference; lastKnownFileType = sourcecode.swift; path = SignUpVC.swift; sourceTree = "<group>"; };
		2C0E1D01222C78330074C3BA /* UserData.swift */ = {isa = PBXFileReference; lastKnownFileType = sourcecode.swift; path = UserData.swift; sourceTree = "<group>"; };
		2C1055CE222BFCB6006BA2C9 /* PopupItem.swift */ = {isa = PBXFileReference; lastKnownFileType = sourcecode.swift; path = PopupItem.swift; sourceTree = "<group>"; };
		2C1055D2222C60B9006BA2C9 /* SignIn.storyboard */ = {isa = PBXFileReference; lastKnownFileType = file.storyboard; path = SignIn.storyboard; sourceTree = "<group>"; };
		2C58772D22595AB900F4CCB3 /* KeyboardVC.swift */ = {isa = PBXFileReference; lastKnownFileType = sourcecode.swift; path = KeyboardVC.swift; sourceTree = "<group>"; };
		2C587730225A311C00F4CCB3 /* Constants.swift */ = {isa = PBXFileReference; lastKnownFileType = sourcecode.swift; path = Constants.swift; sourceTree = "<group>"; };
		2C70E4E0222130DA00185448 /* cinema.app */ = {isa = PBXFileReference; explicitFileType = wrapper.application; includeInIndex = 0; path = cinema.app; sourceTree = BUILT_PRODUCTS_DIR; };
		2C70E4E3222130DA00185448 /* AppDelegate.swift */ = {isa = PBXFileReference; lastKnownFileType = sourcecode.swift; path = AppDelegate.swift; sourceTree = "<group>"; };
		2C70E4E5222130DA00185448 /* RootVC.swift */ = {isa = PBXFileReference; lastKnownFileType = sourcecode.swift; path = RootVC.swift; sourceTree = "<group>"; };
		2C70E4E8222130DA00185448 /* Base */ = {isa = PBXFileReference; lastKnownFileType = file.storyboard; name = Base; path = Base.lproj/Main.storyboard; sourceTree = "<group>"; };
		2C70E4EA222130DB00185448 /* Assets.xcassets */ = {isa = PBXFileReference; lastKnownFileType = folder.assetcatalog; path = Assets.xcassets; sourceTree = "<group>"; };
		2C70E4ED222130DB00185448 /* Base */ = {isa = PBXFileReference; lastKnownFileType = file.storyboard; name = Base; path = Base.lproj/LaunchScreen.storyboard; sourceTree = "<group>"; };
		2C70E4EF222130DB00185448 /* Info.plist */ = {isa = PBXFileReference; lastKnownFileType = text.plist.xml; path = Info.plist; sourceTree = "<group>"; };
		2CA775E42222E759003AE48C /* SidebarMenuVC.swift */ = {isa = PBXFileReference; lastKnownFileType = sourcecode.swift; path = SidebarMenuVC.swift; sourceTree = "<group>"; };
		2CA775E62222EBA5003AE48C /* RevealVC.swift */ = {isa = PBXFileReference; lastKnownFileType = sourcecode.swift; path = RevealVC.swift; sourceTree = "<group>"; };
		2CA775F622233EAB003AE48C /* PopupVC.swift */ = {isa = PBXFileReference; lastKnownFileType = sourcecode.swift; path = PopupVC.swift; sourceTree = "<group>"; };
		2CA775FB22234E12003AE48C /* Films.storyboard */ = {isa = PBXFileReference; lastKnownFileType = file.storyboard; path = Films.storyboard; sourceTree = "<group>"; };
		2CA775FD22235620003AE48C /* FilmsListVC.swift */ = {isa = PBXFileReference; lastKnownFileType = sourcecode.swift; path = FilmsListVC.swift; sourceTree = "<group>"; };
		2CA775FF22245C67003AE48C /* FilmVC.swift */ = {isa = PBXFileReference; lastKnownFileType = sourcecode.swift; path = FilmVC.swift; sourceTree = "<group>"; };
		2CDCD206223EB9BF0067E111 /* Helpers.swift */ = {isa = PBXFileReference; lastKnownFileType = sourcecode.swift; path = Helpers.swift; sourceTree = "<group>"; };
		2CF5FA58225E1549005E8C4A /* CustomPickerView.swift */ = {isa = PBXFileReference; lastKnownFileType = sourcecode.swift; path = CustomPickerView.swift; sourceTree = "<group>"; };
		2CF5FA5C225E1E46005E8C4A /* OtherData.swift */ = {isa = PBXFileReference; lastKnownFileType = sourcecode.swift; path = OtherData.swift; sourceTree = "<group>"; };
		2CF9E477223E56DF00227A57 /* Requests.swift */ = {isa = PBXFileReference; lastKnownFileType = sourcecode.swift; path = Requests.swift; sourceTree = "<group>"; };
		97E076EEF4ECF37076F04094 /* Pods_cinema.framework */ = {isa = PBXFileReference; explicitFileType = wrapper.framework; includeInIndex = 0; path = Pods_cinema.framework; sourceTree = BUILT_PRODUCTS_DIR; };
		A3966164E3D3FACBE66FA6D6 /* Pods-cinema.debug.xcconfig */ = {isa = PBXFileReference; includeInIndex = 1; lastKnownFileType = text.xcconfig; name = "Pods-cinema.debug.xcconfig"; path = "Target Support Files/Pods-cinema/Pods-cinema.debug.xcconfig"; sourceTree = "<group>"; };
		DF4BBAD3D45D986BAF7CC136 /* Pods-cinema.release.xcconfig */ = {isa = PBXFileReference; includeInIndex = 1; lastKnownFileType = text.xcconfig; name = "Pods-cinema.release.xcconfig"; path = "Target Support Files/Pods-cinema/Pods-cinema.release.xcconfig"; sourceTree = "<group>"; };
/* End PBXFileReference section */

/* Begin PBXFrameworksBuildPhase section */
		2C70E4DD222130DA00185448 /* Frameworks */ = {
			isa = PBXFrameworksBuildPhase;
			buildActionMask = 2147483647;
			files = (
				9B194591F731F2EADFC49F45 /* Pods_cinema.framework in Frameworks */,
			);
			runOnlyForDeploymentPostprocessing = 0;
		};
/* End PBXFrameworksBuildPhase section */

/* Begin PBXGroup section */
		2C1055CD222BFC64006BA2C9 /* Model */ = {
			isa = PBXGroup;
			children = (
				2C1055CE222BFCB6006BA2C9 /* PopupItem.swift */,
			);
			path = Model;
			sourceTree = "<group>";
		};
		2C1055D0222C607E006BA2C9 /* SignInVC */ = {
			isa = PBXGroup;
			children = (
				2C1055D2222C60B9006BA2C9 /* SignIn.storyboard */,
				2C0E1CFD222C77DA0074C3BA /* SignInVC.swift */,
				2C0E1CFF222C77EC0074C3BA /* SignUpVC.swift */,
			);
			path = SignInVC;
			sourceTree = "<group>";
		};
		2C587732225B401000F4CCB3 /* CinemasVC */ = {
			isa = PBXGroup;
			children = (
			);
			path = CinemasVC;
			sourceTree = "<group>";
		};
		2C70E4D7222130DA00185448 = {
			isa = PBXGroup;
			children = (
				2C70E4E2222130DA00185448 /* cinema */,
				2C70E4E1222130DA00185448 /* Products */,
				46920A5C83020F348C40FFFA /* Pods */,
				8F8F7EC61CF852C1EBF0CDAC /* Frameworks */,
			);
			sourceTree = "<group>";
		};
		2C70E4E1222130DA00185448 /* Products */ = {
			isa = PBXGroup;
			children = (
				2C70E4E0222130DA00185448 /* cinema.app */,
			);
			name = Products;
			sourceTree = "<group>";
		};
		2C70E4E2222130DA00185448 /* cinema */ = {
			isa = PBXGroup;
			children = (
				2C1055D0222C607E006BA2C9 /* SignInVC */,
				2C587732225B401000F4CCB3 /* CinemasVC */,
				2CA775EE22232CBE003AE48C /* FilmsVC */,
				2C1055CD222BFC64006BA2C9 /* Model */,
				2CA775F322232E1D003AE48C /* Utilities */,
				2CA775ED22232C62003AE48C /* Components */,
				2CA775EA2222FD94003AE48C /* Views */,
				2C70E4E3222130DA00185448 /* AppDelegate.swift */,
				2C70E4E5222130DA00185448 /* RootVC.swift */,
				2CA775E42222E759003AE48C /* SidebarMenuVC.swift */,
				2CA775E62222EBA5003AE48C /* RevealVC.swift */,
				2C70E4E7222130DA00185448 /* Main.storyboard */,
				2C70E4EA222130DB00185448 /* Assets.xcassets */,
				2C70E4EC222130DB00185448 /* LaunchScreen.storyboard */,
				2C70E4EF222130DB00185448 /* Info.plist */,
			);
			path = cinema;
			sourceTree = "<group>";
		};
		2CA775EA2222FD94003AE48C /* Views */ = {
			isa = PBXGroup;
			children = (
				2C0E1CFB222C69380074C3BA /* BorderedButton.swift */,
			);
			path = Views;
			sourceTree = "<group>";
		};
		2CA775ED22232C62003AE48C /* Components */ = {
			isa = PBXGroup;
			children = (
				2CA775F622233EAB003AE48C /* PopupVC.swift */,
				2C58772D22595AB900F4CCB3 /* KeyboardVC.swift */,
				2CF5FA58225E1549005E8C4A /* CustomPickerView.swift */,
			);
			path = Components;
			sourceTree = "<group>";
		};
		2CA775EE22232CBE003AE48C /* FilmsVC */ = {
			isa = PBXGroup;
			children = (
				2CA775FB22234E12003AE48C /* Films.storyboard */,
				2CA775FD22235620003AE48C /* FilmsListVC.swift */,
				2CA775FF22245C67003AE48C /* FilmVC.swift */,
			);
			path = FilmsVC;
			sourceTree = "<group>";
		};
		2CA775F322232E1D003AE48C /* Utilities */ = {
			isa = PBXGroup;
			children = (
				2C0E1D01222C78330074C3BA /* UserData.swift */,
				2CF9E477223E56DF00227A57 /* Requests.swift */,
				2CDCD206223EB9BF0067E111 /* Helpers.swift */,
				2C587730225A311C00F4CCB3 /* Constants.swift */,
				2CF5FA5C225E1E46005E8C4A /* OtherData.swift */,
			);
			path = Utilities;
			sourceTree = "<group>";
		};
		46920A5C83020F348C40FFFA /* Pods */ = {
			isa = PBXGroup;
			children = (
				A3966164E3D3FACBE66FA6D6 /* Pods-cinema.debug.xcconfig */,
				DF4BBAD3D45D986BAF7CC136 /* Pods-cinema.release.xcconfig */,
			);
			path = Pods;
			sourceTree = "<group>";
		};
		8F8F7EC61CF852C1EBF0CDAC /* Frameworks */ = {
			isa = PBXGroup;
			children = (
				97E076EEF4ECF37076F04094 /* Pods_cinema.framework */,
			);
			name = Frameworks;
			sourceTree = "<group>";
		};
/* End PBXGroup section */

/* Begin PBXNativeTarget section */
		2C70E4DF222130DA00185448 /* cinema */ = {
			isa = PBXNativeTarget;
			buildConfigurationList = 2C70E4F2222130DB00185448 /* Build configuration list for PBXNativeTarget "cinema" */;
			buildPhases = (
				7B63B8E59D91D23CD5979075 /* [CP] Check Pods Manifest.lock */,
				2C70E4DC222130DA00185448 /* Sources */,
				2C70E4DD222130DA00185448 /* Frameworks */,
				2C70E4DE222130DA00185448 /* Resources */,
				BBC52A0003DD603C59F83A48 /* [CP] Embed Pods Frameworks */,
			);
			buildRules = (
			);
			dependencies = (
			);
			name = cinema;
			productName = cinema;
			productReference = 2C70E4E0222130DA00185448 /* cinema.app */;
			productType = "com.apple.product-type.application";
		};
/* End PBXNativeTarget section */

/* Begin PBXProject section */
		2C70E4D8222130DA00185448 /* Project object */ = {
			isa = PBXProject;
			attributes = {
				LastSwiftUpdateCheck = 1010;
				LastUpgradeCheck = 1010;
				ORGANIZATIONNAME = vladporaiko;
				TargetAttributes = {
					2C70E4DF222130DA00185448 = {
						CreatedOnToolsVersion = 10.1;
					};
				};
			};
			buildConfigurationList = 2C70E4DB222130DA00185448 /* Build configuration list for PBXProject "cinema" */;
			compatibilityVersion = "Xcode 9.3";
			developmentRegion = en;
			hasScannedForEncodings = 0;
			knownRegions = (
				en,
				Base,
			);
			mainGroup = 2C70E4D7222130DA00185448;
			productRefGroup = 2C70E4E1222130DA00185448 /* Products */;
			projectDirPath = "";
			projectRoot = "";
			targets = (
				2C70E4DF222130DA00185448 /* cinema */,
			);
		};
/* End PBXProject section */

/* Begin PBXResourcesBuildPhase section */
		2C70E4DE222130DA00185448 /* Resources */ = {
			isa = PBXResourcesBuildPhase;
			buildActionMask = 2147483647;
			files = (
				2C70E4EE222130DB00185448 /* LaunchScreen.storyboard in Resources */,
				2C1055D3222C60B9006BA2C9 /* SignIn.storyboard in Resources */,
				2C70E4EB222130DB00185448 /* Assets.xcassets in Resources */,
				2CA775FC22234E12003AE48C /* Films.storyboard in Resources */,
				2C70E4E9222130DA00185448 /* Main.storyboard in Resources */,
			);
			runOnlyForDeploymentPostprocessing = 0;
		};
/* End PBXResourcesBuildPhase section */

/* Begin PBXShellScriptBuildPhase section */
		7B63B8E59D91D23CD5979075 /* [CP] Check Pods Manifest.lock */ = {
			isa = PBXShellScriptBuildPhase;
			buildActionMask = 2147483647;
			files = (
			);
			inputFileListPaths = (
			);
			inputPaths = (
				"${PODS_PODFILE_DIR_PATH}/Podfile.lock",
				"${PODS_ROOT}/Manifest.lock",
			);
			name = "[CP] Check Pods Manifest.lock";
			outputFileListPaths = (
			);
			outputPaths = (
				"$(DERIVED_FILE_DIR)/Pods-cinema-checkManifestLockResult.txt",
			);
			runOnlyForDeploymentPostprocessing = 0;
			shellPath = /bin/sh;
			shellScript = "diff \"${PODS_PODFILE_DIR_PATH}/Podfile.lock\" \"${PODS_ROOT}/Manifest.lock\" > /dev/null\nif [ $? != 0 ] ; then\n    # print error to STDERR\n    echo \"error: The sandbox is not in sync with the Podfile.lock. Run 'pod install' or update your CocoaPods installation.\" >&2\n    exit 1\nfi\n# This output is used by Xcode 'outputs' to avoid re-running this script phase.\necho \"SUCCESS\" > \"${SCRIPT_OUTPUT_FILE_0}\"\n";
			showEnvVarsInLog = 0;
		};
		BBC52A0003DD603C59F83A48 /* [CP] Embed Pods Frameworks */ = {
			isa = PBXShellScriptBuildPhase;
			buildActionMask = 2147483647;
			files = (
			);
			inputFileListPaths = (
			);
			inputPaths = (
				"${PODS_ROOT}/Target Support Files/Pods-cinema/Pods-cinema-frameworks.sh",
				"${BUILT_PRODUCTS_DIR}/Alamofire/Alamofire.framework",
				"${BUILT_PRODUCTS_DIR}/EmailValidator/EmailValidator.framework",
				"${BUILT_PRODUCTS_DIR}/SwiftyJSON/SwiftyJSON.framework",
			);
			name = "[CP] Embed Pods Frameworks";
			outputFileListPaths = (
			);
			outputPaths = (
				"${TARGET_BUILD_DIR}/${FRAMEWORKS_FOLDER_PATH}/Alamofire.framework",
				"${TARGET_BUILD_DIR}/${FRAMEWORKS_FOLDER_PATH}/EmailValidator.framework",
				"${TARGET_BUILD_DIR}/${FRAMEWORKS_FOLDER_PATH}/SwiftyJSON.framework",
			);
			runOnlyForDeploymentPostprocessing = 0;
			shellPath = /bin/sh;
			shellScript = "\"${PODS_ROOT}/Target Support Files/Pods-cinema/Pods-cinema-frameworks.sh\"\n";
			showEnvVarsInLog = 0;
		};
/* End PBXShellScriptBuildPhase section */

/* Begin PBXSourcesBuildPhase section */
		2C70E4DC222130DA00185448 /* Sources */ = {
			isa = PBXSourcesBuildPhase;
			buildActionMask = 2147483647;
			files = (
				2C58772E22595AB900F4CCB3 /* KeyboardVC.swift in Sources */,
				2C587731225A311C00F4CCB3 /* Constants.swift in Sources */,
				2C70E4E6222130DA00185448 /* RootVC.swift in Sources */,
				2C0E1CFC222C69380074C3BA /* BorderedButton.swift in Sources */,
				2C0E1D02222C78330074C3BA /* UserData.swift in Sources */,
				2CF9E478223E56DF00227A57 /* Requests.swift in Sources */,
				2C0E1CFE222C77DA0074C3BA /* SignInVC.swift in Sources */,
				2CF5FA5D225E1E46005E8C4A /* OtherData.swift in Sources */,
				2CA775E72222EBA5003AE48C /* RevealVC.swift in Sources */,
				2CF5FA59225E1549005E8C4A /* CustomPickerView.swift in Sources */,
				2C1055CF222BFCB6006BA2C9 /* PopupItem.swift in Sources */,
				2CA775FE22235620003AE48C /* FilmsListVC.swift in Sources */,
				2CA775F722233EAB003AE48C /* PopupVC.swift in Sources */,
				2CDCD207223EB9BF0067E111 /* Helpers.swift in Sources */,
				2CA775E52222E759003AE48C /* SidebarMenuVC.swift in Sources */,
				2C0E1D00222C77EC0074C3BA /* SignUpVC.swift in Sources */,
				2CA7760022245C67003AE48C /* FilmVC.swift in Sources */,
				2C70E4E4222130DA00185448 /* AppDelegate.swift in Sources */,
			);
			runOnlyForDeploymentPostprocessing = 0;
		};
/* End PBXSourcesBuildPhase section */

/* Begin PBXVariantGroup section */
		2C70E4E7222130DA00185448 /* Main.storyboard */ = {
			isa = PBXVariantGroup;
			children = (
				2C70E4E8222130DA00185448 /* Base */,
			);
			name = Main.storyboard;
			sourceTree = "<group>";
		};
		2C70E4EC222130DB00185448 /* LaunchScreen.storyboard */ = {
			isa = PBXVariantGroup;
			children = (
				2C70E4ED222130DB00185448 /* Base */,
			);
			name = LaunchScreen.storyboard;
			sourceTree = "<group>";
		};
/* End PBXVariantGroup section */

/* Begin XCBuildConfiguration section */
		2C70E4F0222130DB00185448 /* Debug */ = {
			isa = XCBuildConfiguration;
			buildSettings = {
				ALWAYS_SEARCH_USER_PATHS = NO;
				CLANG_ANALYZER_NONNULL = YES;
				CLANG_ANALYZER_NUMBER_OBJECT_CONVERSION = YES_AGGRESSIVE;
				CLANG_CXX_LANGUAGE_STANDARD = "gnu++14";
				CLANG_CXX_LIBRARY = "libc++";
				CLANG_ENABLE_MODULES = YES;
				CLANG_ENABLE_OBJC_ARC = YES;
				CLANG_ENABLE_OBJC_WEAK = YES;
				CLANG_WARN_BLOCK_CAPTURE_AUTORELEASING = YES;
				CLANG_WARN_BOOL_CONVERSION = YES;
				CLANG_WARN_COMMA = YES;
				CLANG_WARN_CONSTANT_CONVERSION = YES;
				CLANG_WARN_DEPRECATED_OBJC_IMPLEMENTATIONS = YES;
				CLANG_WARN_DIRECT_OBJC_ISA_USAGE = YES_ERROR;
				CLANG_WARN_DOCUMENTATION_COMMENTS = YES;
				CLANG_WARN_EMPTY_BODY = YES;
				CLANG_WARN_ENUM_CONVERSION = YES;
				CLANG_WARN_INFINITE_RECURSION = YES;
				CLANG_WARN_INT_CONVERSION = YES;
				CLANG_WARN_NON_LITERAL_NULL_CONVERSION = YES;
				CLANG_WARN_OBJC_IMPLICIT_RETAIN_SELF = YES;
				CLANG_WARN_OBJC_LITERAL_CONVERSION = YES;
				CLANG_WARN_OBJC_ROOT_CLASS = YES_ERROR;
				CLANG_WARN_RANGE_LOOP_ANALYSIS = YES;
				CLANG_WARN_STRICT_PROTOTYPES = YES;
				CLANG_WARN_SUSPICIOUS_MOVE = YES;
				CLANG_WARN_UNGUARDED_AVAILABILITY = YES_AGGRESSIVE;
				CLANG_WARN_UNREACHABLE_CODE = YES;
				CLANG_WARN__DUPLICATE_METHOD_MATCH = YES;
				CODE_SIGN_IDENTITY = "iPhone Developer";
				COPY_PHASE_STRIP = NO;
				DEBUG_INFORMATION_FORMAT = dwarf;
				ENABLE_STRICT_OBJC_MSGSEND = YES;
				ENABLE_TESTABILITY = YES;
				GCC_C_LANGUAGE_STANDARD = gnu11;
				GCC_DYNAMIC_NO_PIC = NO;
				GCC_NO_COMMON_BLOCKS = YES;
				GCC_OPTIMIZATION_LEVEL = 0;
				GCC_PREPROCESSOR_DEFINITIONS = (
					"DEBUG=1",
					"$(inherited)",
				);
				GCC_WARN_64_TO_32_BIT_CONVERSION = YES;
				GCC_WARN_ABOUT_RETURN_TYPE = YES_ERROR;
				GCC_WARN_UNDECLARED_SELECTOR = YES;
				GCC_WARN_UNINITIALIZED_AUTOS = YES_AGGRESSIVE;
				GCC_WARN_UNUSED_FUNCTION = YES;
				GCC_WARN_UNUSED_VARIABLE = YES;
				IPHONEOS_DEPLOYMENT_TARGET = 12.1;
				MTL_ENABLE_DEBUG_INFO = INCLUDE_SOURCE;
				MTL_FAST_MATH = YES;
				ONLY_ACTIVE_ARCH = YES;
				SDKROOT = iphoneos;
				SWIFT_ACTIVE_COMPILATION_CONDITIONS = DEBUG;
				SWIFT_OPTIMIZATION_LEVEL = "-Onone";
			};
			name = Debug;
		};
		2C70E4F1222130DB00185448 /* Release */ = {
			isa = XCBuildConfiguration;
			buildSettings = {
				ALWAYS_SEARCH_USER_PATHS = NO;
				CLANG_ANALYZER_NONNULL = YES;
				CLANG_ANALYZER_NUMBER_OBJECT_CONVERSION = YES_AGGRESSIVE;
				CLANG_CXX_LANGUAGE_STANDARD = "gnu++14";
				CLANG_CXX_LIBRARY = "libc++";
				CLANG_ENABLE_MODULES = YES;
				CLANG_ENABLE_OBJC_ARC = YES;
				CLANG_ENABLE_OBJC_WEAK = YES;
				CLANG_WARN_BLOCK_CAPTURE_AUTORELEASING = YES;
				CLANG_WARN_BOOL_CONVERSION = YES;
				CLANG_WARN_COMMA = YES;
				CLANG_WARN_CONSTANT_CONVERSION = YES;
				CLANG_WARN_DEPRECATED_OBJC_IMPLEMENTATIONS = YES;
				CLANG_WARN_DIRECT_OBJC_ISA_USAGE = YES_ERROR;
				CLANG_WARN_DOCUMENTATION_COMMENTS = YES;
				CLANG_WARN_EMPTY_BODY = YES;
				CLANG_WARN_ENUM_CONVERSION = YES;
				CLANG_WARN_INFINITE_RECURSION = YES;
				CLANG_WARN_INT_CONVERSION = YES;
				CLANG_WARN_NON_LITERAL_NULL_CONVERSION = YES;
				CLANG_WARN_OBJC_IMPLICIT_RETAIN_SELF = YES;
				CLANG_WARN_OBJC_LITERAL_CONVERSION = YES;
				CLANG_WARN_OBJC_ROOT_CLASS = YES_ERROR;
				CLANG_WARN_RANGE_LOOP_ANALYSIS = YES;
				CLANG_WARN_STRICT_PROTOTYPES = YES;
				CLANG_WARN_SUSPICIOUS_MOVE = YES;
				CLANG_WARN_UNGUARDED_AVAILABILITY = YES_AGGRESSIVE;
				CLANG_WARN_UNREACHABLE_CODE = YES;
				CLANG_WARN__DUPLICATE_METHOD_MATCH = YES;
				CODE_SIGN_IDENTITY = "iPhone Developer";
				COPY_PHASE_STRIP = NO;
				DEBUG_INFORMATION_FORMAT = "dwarf-with-dsym";
				ENABLE_NS_ASSERTIONS = NO;
				ENABLE_STRICT_OBJC_MSGSEND = YES;
				GCC_C_LANGUAGE_STANDARD = gnu11;
				GCC_NO_COMMON_BLOCKS = YES;
				GCC_WARN_64_TO_32_BIT_CONVERSION = YES;
				GCC_WARN_ABOUT_RETURN_TYPE = YES_ERROR;
				GCC_WARN_UNDECLARED_SELECTOR = YES;
				GCC_WARN_UNINITIALIZED_AUTOS = YES_AGGRESSIVE;
				GCC_WARN_UNUSED_FUNCTION = YES;
				GCC_WARN_UNUSED_VARIABLE = YES;
				IPHONEOS_DEPLOYMENT_TARGET = 12.1;
				MTL_ENABLE_DEBUG_INFO = NO;
				MTL_FAST_MATH = YES;
				SDKROOT = iphoneos;
				SWIFT_COMPILATION_MODE = wholemodule;
				SWIFT_OPTIMIZATION_LEVEL = "-O";
				VALIDATE_PRODUCT = YES;
			};
			name = Release;
		};
		2C70E4F3222130DB00185448 /* Debug */ = {
			isa = XCBuildConfiguration;
			baseConfigurationReference = A3966164E3D3FACBE66FA6D6 /* Pods-cinema.debug.xcconfig */;
			buildSettings = {
				ASSETCATALOG_COMPILER_APPICON_NAME = AppIcon;
				CODE_SIGN_STYLE = Automatic;
				DEVELOPMENT_TEAM = 2T89229LKW;
				INFOPLIST_FILE = cinema/Info.plist;
				LD_RUNPATH_SEARCH_PATHS = (
					"$(inherited)",
					"@executable_path/Frameworks",
				);
				PRODUCT_BUNDLE_IDENTIFIER = com.vladporaiko.cinema;
				PRODUCT_NAME = "$(TARGET_NAME)";
				SWIFT_VERSION = 4.2;
				TARGETED_DEVICE_FAMILY = "1,2";
			};
			name = Debug;
		};
		2C70E4F4222130DB00185448 /* Release */ = {
			isa = XCBuildConfiguration;
			baseConfigurationReference = DF4BBAD3D45D986BAF7CC136 /* Pods-cinema.release.xcconfig */;
			buildSettings = {
				ASSETCATALOG_COMPILER_APPICON_NAME = AppIcon;
				CODE_SIGN_STYLE = Automatic;
				DEVELOPMENT_TEAM = 2T89229LKW;
				INFOPLIST_FILE = cinema/Info.plist;
				LD_RUNPATH_SEARCH_PATHS = (
					"$(inherited)",
					"@executable_path/Frameworks",
				);
				PRODUCT_BUNDLE_IDENTIFIER = com.vladporaiko.cinema;
				PRODUCT_NAME = "$(TARGET_NAME)";
				SWIFT_VERSION = 4.2;
				TARGETED_DEVICE_FAMILY = "1,2";
			};
			name = Release;
		};
/* End XCBuildConfiguration section */

/* Begin XCConfigurationList section */
		2C70E4DB222130DA00185448 /* Build configuration list for PBXProject "cinema" */ = {
			isa = XCConfigurationList;
			buildConfigurations = (
				2C70E4F0222130DB00185448 /* Debug */,
				2C70E4F1222130DB00185448 /* Release */,
			);
			defaultConfigurationIsVisible = 0;
			defaultConfigurationName = Release;
		};
		2C70E4F2222130DB00185448 /* Build configuration list for PBXNativeTarget "cinema" */ = {
			isa = XCConfigurationList;
			buildConfigurations = (
				2C70E4F3222130DB00185448 /* Debug */,
				2C70E4F4222130DB00185448 /* Release */,
			);
			defaultConfigurationIsVisible = 0;
			defaultConfigurationName = Release;
		};
/* End XCConfigurationList section */
	};
	rootObject = 2C70E4D8222130DA00185448 /* Project object */;
}
